{
  "pins" : [
    {
      "identity" : "streamdeckplugin",
      "kind" : "remoteSourceControl",
      "location" : "https://github.com/emorydunn/StreamDeckPlugin.git",
      "state" : {
        "revision" : "90f940adafe6fdc0db09ee8d6836ba8d7342eea8",
        "version" : "0.3.0"
      }
    },
    {
      "identity" : "swift-argument-parser",
      "kind" : "remoteSourceControl",
      "location" : "https://github.com/apple/swift-argument-parser.git",
      "state" : {
        "revision" : "6b2aa2748a7881eebb9f84fb10c01293e15b52ca",
        "version" : "0.5.0"
      }
    }
  ],
  "version" : 2
}
